// !$*UTF8*$!
{
	archiveVersion = 1;
	classes = {
	};
	objectVersion = 50;
	objects = {

/* Begin PBXBuildFile section */
		C4CEDF0A24F25513001FB375 /* AppDelegate.swift in Sources */ = {isa = PBXBuildFile; fileRef = C4CEDF0924F25513001FB375 /* AppDelegate.swift */; };
		C4CEDF0C24F25513001FB375 /* SceneDelegate.swift in Sources */ = {isa = PBXBuildFile; fileRef = C4CEDF0B24F25513001FB375 /* SceneDelegate.swift */; };
		C4CEDF0E24F25513001FB375 /* ViewController.swift in Sources */ = {isa = PBXBuildFile; fileRef = C4CEDF0D24F25513001FB375 /* ViewController.swift */; };
		C4CEDF1124F25513001FB375 /* Main.storyboard in Resources */ = {isa = PBXBuildFile; fileRef = C4CEDF0F24F25513001FB375 /* Main.storyboard */; };
		C4CEDF1324F25515001FB375 /* Assets.xcassets in Resources */ = {isa = PBXBuildFile; fileRef = C4CEDF1224F25515001FB375 /* Assets.xcassets */; };
		C4CEDF1624F25515001FB375 /* LaunchScreen.storyboard in Resources */ = {isa = PBXBuildFile; fileRef = C4CEDF1424F25515001FB375 /* LaunchScreen.storyboard */; };
/* End PBXBuildFile section */

/* Begin PBXFileReference section */
		C4CEDF0624F25513001FB375 /* PickYourColor.app */ = {isa = PBXFileReference; explicitFileType = wrapper.application; includeInIndex = 0; path = PickYourColor.app; sourceTree = BUILT_PRODUCTS_DIR; };
		C4CEDF0924F25513001FB375 /* AppDelegate.swift */ = {isa = PBXFileReference; lastKnownFileType = sourcecode.swift; path = AppDelegate.swift; sourceTree = "<group>"; };
		C4CEDF0B24F25513001FB375 /* SceneDelegate.swift */ = {isa = PBXFileReference; lastKnownFileType = sourcecode.swift; path = SceneDelegate.swift; sourceTree = "<group>"; };
		C4CEDF0D24F25513001FB375 /* ViewController.swift */ = {isa = PBXFileReference; lastKnownFileType = sourcecode.swift; path = ViewController.swift; sourceTree = "<group>"; };
		C4CEDF1024F25513001FB375 /* Base */ = {isa = PBXFileReference; lastKnownFileType = file.storyboard; name = Base; path = Base.lproj/Main.storyboard; sourceTree = "<group>"; };
		C4CEDF1224F25515001FB375 /* Assets.xcassets */ = {isa = PBXFileReference; lastKnownFileType = folder.assetcatalog; path = Assets.xcassets; sourceTree = "<group>"; };
		C4CEDF1524F25515001FB375 /* Base */ = {isa = PBXFileReference; lastKnownFileType = file.storyboard; name = Base; path = Base.lproj/LaunchScreen.storyboard; sourceTree = "<group>"; };
		C4CEDF1724F25515001FB375 /* Info.plist */ = {isa = PBXFileReference; lastKnownFileType = text.plist.xml; path = Info.plist; sourceTree = "<group>"; };
/* End PBXFileReference section */

/* Begin PBXFrameworksBuildPhase section */
		C4CEDF0324F25513001FB375 /* Frameworks */ = {
			isa = PBXFrameworksBuildPhase;
			buildActionMask = 2147483647;
			files = (
			);
			runOnlyForDeploymentPostprocessing = 0;
		};
/* End PBXFrameworksBuildPhase section */

/* Begin PBXGroup section */
		C4CEDEFD24F25513001FB375 = {
			isa = PBXGroup;
			children = (
				C4CEDF0824F25513001FB375 /* PickYourColor */,
				C4CEDF0724F25513001FB375 /* Products */,
			);
			sourceTree = "<group>";
		};
		C4CEDF0724F25513001FB375 /* Products */ = {
			isa = PBXGroup;
			children = (
				C4CEDF0624F25513001FB375 /* PickYourColor.app */,
			);
			name = Products;
			sourceTree = "<group>";
		};
		C4CEDF0824F25513001FB375 /* PickYourColor */ = {
			isa = PBXGroup;
			children = (
				C4CEDF0924F25513001FB375 /* AppDelegate.swift */,
				C4CEDF0B24F25513001FB375 /* SceneDelegate.swift */,
				C4CEDF0D24F25513001FB375 /* ViewController.swift */,
				C4CEDF0F24F25513001FB375 /* Main.storyboard */,
				C4CEDF1224F25515001FB375 /* Assets.xcassets */,
				C4CEDF1424F25515001FB375 /* LaunchScreen.storyboard */,
				C4CEDF1724F25515001FB375 /* Info.plist */,
			);
			path = PickYourColor;
			sourceTree = "<group>";
		};
/* End PBXGroup section */

/* Begin PBXNativeTarget section */
		C4CEDF0524F25513001FB375 /* PickYourColor */ = {
			isa = PBXNativeTarget;
			buildConfigurationList = C4CEDF1A24F25515001FB375 /* Build configuration list for PBXNativeTarget "PickYourColor" */;
			buildPhases = (
				C4CEDF0224F25513001FB375 /* Sources */,
				C4CEDF0324F25513001FB375 /* Frameworks */,
				C4CEDF0424F25513001FB375 /* Resources */,
			);
			buildRules = (
			);
			dependencies = (
			);
			name = PickYourColor;
			productName = PickYourColor;
			productReference = C4CEDF0624F25513001FB375 /* PickYourColor.app */;
			productType = "com.apple.product-type.application";
		};
/* End PBXNativeTarget section */

/* Begin PBXProject section */
		C4CEDEFE24F25513001FB375 /* Project object */ = {
			isa = PBXProject;
			attributes = {
				LastSwiftUpdateCheck = 1160;
				LastUpgradeCheck = 1160;
				ORGANIZATIONNAME = Yaroslav;
				TargetAttributes = {
					C4CEDF0524F25513001FB375 = {
						CreatedOnToolsVersion = 11.6;
					};
				};
			};
			buildConfigurationList = C4CEDF0124F25513001FB375 /* Build configuration list for PBXProject "PickYourColor" */;
			compatibilityVersion = "Xcode 9.3";
			developmentRegion = en;
			hasScannedForEncodings = 0;
			knownRegions = (
				en,
				Base,
			);
			mainGroup = C4CEDEFD24F25513001FB375;
			productRefGroup = C4CEDF0724F25513001FB375 /* Products */;
			projectDirPath = "";
			projectRoot = "";
			targets = (
				C4CEDF0524F25513001FB375 /* PickYourColor */,
			);
		};
/* End PBXProject section */

/* Begin PBXResourcesBuildPhase section */
		C4CEDF0424F25513001FB375 /* Resources */ = {
			isa = PBXResourcesBuildPhase;
			buildActionMask = 2147483647;
			files = (
				C4CEDF1624F25515001FB375 /* LaunchScreen.storyboard in Resources */,
				C4CEDF1324F25515001FB375 /* Assets.xcassets in Resources */,
				C4CEDF1124F25513001FB375 /* Main.storyboard in Resources */,
			);
			runOnlyForDeploymentPostprocessing = 0;
		};
/* End PBXResourcesBuildPhase section */

/* Begin PBXSourcesBuildPhase section */
		C4CEDF0224F25513001FB375 /* Sources */ = {
			isa = PBXSourcesBuildPhase;
			buildActionMask = 2147483647;
			files = (
				C4CEDF0E24F25513001FB375 /* ViewController.swift in Sources */,
				C4CEDF0A24F25513001FB375 /* AppDelegate.swift in Sources */,
				C4CEDF0C24F25513001FB375 /* SceneDelegate.swift in Sources */,
			);
			runOnlyForDeploymentPostprocessing = 0;
		};
/* End PBXSourcesBuildPhase section */

/* Begin PBXVariantGroup section */
		C4CEDF0F24F25513001FB375 /* Main.storyboard */ = {
			isa = PBXVariantGroup;
			children = (
				C4CEDF1024F25513001FB375 /* Base */,
			);
			name = Main.storyboard;
			sourceTree = "<group>";
		};
		C4CEDF1424F25515001FB375 /* LaunchScreen.storyboard */ = {
			isa = PBXVariantGroup;
			children = (
				C4CEDF1524F25515001FB375 /* Base */,
			);
			name = LaunchScreen.storyboard;
			sourceTree = "<group>";
		};
/* End PBXVariantGroup section */

/* Begin XCBuildConfiguration section */
		C4CEDF1824F25515001FB375 /* Debug */ = {
			isa = XCBuildConfiguration;
			buildSettings = {
				ALWAYS_SEARCH_USER_PATHS = NO;
				CLANG_ANALYZER_NONNULL = YES;
				CLANG_ANALYZER_NUMBER_OBJECT_CONVERSION = YES_AGGRESSIVE;
				CLANG_CXX_LANGUAGE_STANDARD = "gnu++14";
				CLANG_CXX_LIBRARY = "libc++";
				CLANG_ENABLE_MODULES = YES;
				CLANG_ENABLE_OBJC_ARC = YES;
				CLANG_ENABLE_OBJC_WEAK = YES;
				CLANG_WARN_BLOCK_CAPTURE_AUTORELEASING = YES;
				CLANG_WARN_BOOL_CONVERSION = YES;
				CLANG_WARN_COMMA = YES;
				CLANG_WARN_CONSTANT_CONVERSION = YES;
				CLANG_WARN_DEPRECATED_OBJC_IMPLEMENTATIONS = YES;
				CLANG_WARN_DIRECT_OBJC_ISA_USAGE = YES_ERROR;
				CLANG_WARN_DOCUMENTATION_COMMENTS = YES;
				CLANG_WARN_EMPTY_BODY = YES;
				CLANG_WARN_ENUM_CONVERSION = YES;
				CLANG_WARN_INFINITE_RECURSION = YES;
				CLANG_WARN_INT_CONVERSION = YES;
				CLANG_WARN_NON_LITERAL_NULL_CONVERSION = YES;
				CLANG_WARN_OBJC_IMPLICIT_RETAIN_SELF = YES;
				CLANG_WARN_OBJC_LITERAL_CONVERSION = YES;
				CLANG_WARN_OBJC_ROOT_CLASS = YES_ERROR;
				CLANG_WARN_RANGE_LOOP_ANALYSIS = YES;
				CLANG_WARN_STRICT_PROTOTYPES = YES;
				CLANG_WARN_SUSPICIOUS_MOVE = YES;
				CLANG_WARN_UNGUARDED_AVAILABILITY = YES_AGGRESSIVE;
				CLANG_WARN_UNREACHABLE_CODE = YES;
				CLANG_WARN__DUPLICATE_METHOD_MATCH = YES;
				COPY_PHASE_STRIP = NO;
				DEBUG_INFORMATION_FORMAT = dwarf;
				ENABLE_STRICT_OBJC_MSGSEND = YES;
				ENABLE_TESTABILITY = YES;
				GCC_C_LANGUAGE_STANDARD = gnu11;
				GCC_DYNAMIC_NO_PIC = NO;
				GCC_NO_COMMON_BLOCKS = YES;
				GCC_OPTIMIZATION_LEVEL = 0;
				GCC_PREPROCESSOR_DEFINITIONS = (
					"DEBUG=1",
					"$(inherited)",
				);
				GCC_WARN_64_TO_32_BIT_CONVERSION = YES;
				GCC_WARN_ABOUT_RETURN_TYPE = YES_ERROR;
				GCC_WARN_UNDECLARED_SELECTOR = YES;
				GCC_WARN_UNINITIALIZED_AUTOS = YES_AGGRESSIVE;
				GCC_WARN_UNUSED_FUNCTION = YES;
				GCC_WARN_UNUSED_VARIABLE = YES;
				IPHONEOS_DEPLOYMENT_TARGET = 13.6;
				MTL_ENABLE_DEBUG_INFO = INCLUDE_SOURCE;
				MTL_FAST_MATH = YES;
				ONLY_ACTIVE_ARCH = YES;
				SDKROOT = iphoneos;
				SWIFT_ACTIVE_COMPILATION_CONDITIONS = DEBUG;
				SWIFT_OPTIMIZATION_LEVEL = "-Onone";
			};
			name = Debug;
		};
		C4CEDF1924F25515001FB375 /* Release */ = {
			isa = XCBuildConfiguration;
			buildSettings = {
				ALWAYS_SEARCH_USER_PATHS = NO;
				CLANG_ANALYZER_NONNULL = YES;
				CLANG_ANALYZER_NUMBER_OBJECT_CONVERSION = YES_AGGRESSIVE;
				CLANG_CXX_LANGUAGE_STANDARD = "gnu++14";
				CLANG_CXX_LIBRARY = "libc++";
				CLANG_ENABLE_MODULES = YES;
				CLANG_ENABLE_OBJC_ARC = YES;
				CLANG_ENABLE_OBJC_WEAK = YES;
				CLANG_WARN_BLOCK_CAPTURE_AUTORELEASING = YES;
				CLANG_WARN_BOOL_CONVERSION = YES;
				CLANG_WARN_COMMA = YES;
				CLANG_WARN_CONSTANT_CONVERSION = YES;
				CLANG_WARN_DEPRECATED_OBJC_IMPLEMENTATIONS = YES;
				CLANG_WARN_DIRECT_OBJC_ISA_USAGE = YES_ERROR;
				CLANG_WARN_DOCUMENTATION_COMMENTS = YES;
				CLANG_WARN_EMPTY_BODY = YES;
				CLANG_WARN_ENUM_CONVERSION = YES;
				CLANG_WARN_INFINITE_RECURSION = YES;
				CLANG_WARN_INT_CONVERSION = YES;
				CLANG_WARN_NON_LITERAL_NULL_CONVERSION = YES;
				CLANG_WARN_OBJC_IMPLICIT_RETAIN_SELF = YES;
				CLANG_WARN_OBJC_LITERAL_CONVERSION = YES;
				CLANG_WARN_OBJC_ROOT_CLASS = YES_ERROR;
				CLANG_WARN_RANGE_LOOP_ANALYSIS = YES;
				CLANG_WARN_STRICT_PROTOTYPES = YES;
				CLANG_WARN_SUSPICIOUS_MOVE = YES;
				CLANG_WARN_UNGUARDED_AVAILABILITY = YES_AGGRESSIVE;
				CLANG_WARN_UNREACHABLE_CODE = YES;
				CLANG_WARN__DUPLICATE_METHOD_MATCH = YES;
				COPY_PHASE_STRIP = NO;
				DEBUG_INFORMATION_FORMAT = "dwarf-with-dsym";
				ENABLE_NS_ASSERTIONS = NO;
				ENABLE_STRICT_OBJC_MSGSEND = YES;
				GCC_C_LANGUAGE_STANDARD = gnu11;
				GCC_NO_COMMON_BLOCKS = YES;
				GCC_WARN_64_TO_32_BIT_CONVERSION = YES;
				GCC_WARN_ABOUT_RETURN_TYPE = YES_ERROR;
				GCC_WARN_UNDECLARED_SELECTOR = YES;
				GCC_WARN_UNINITIALIZED_AUTOS = YES_AGGRESSIVE;
				GCC_WARN_UNUSED_FUNCTION = YES;
				GCC_WARN_UNUSED_VARIABLE = YES;
				IPHONEOS_DEPLOYMENT_TARGET = 13.6;
				MTL_ENABLE_DEBUG_INFO = NO;
				MTL_FAST_MATH = YES;
				SDKROOT = iphoneos;
				SWIFT_COMPILATION_MODE = wholemodule;
				SWIFT_OPTIMIZATION_LEVEL = "-O";
				VALIDATE_PRODUCT = YES;
			};
			name = Release;
		};
		C4CEDF1B24F25515001FB375 /* Debug */ = {
			isa = XCBuildConfiguration;
			buildSettings = {
				ASSETCATALOG_COMPILER_APPICON_NAME = AppIcon;
				CODE_SIGN_STYLE = Automatic;
				INFOPLIST_FILE = PickYourColor/Info.plist;
				LD_RUNPATH_SEARCH_PATHS = (
					"$(inherited)",
					"@executable_path/Frameworks",
				);
				PRODUCT_BUNDLE_IDENTIFIER = com.example.PickYourColor;
				PRODUCT_NAME = "$(TARGET_NAME)";
				SWIFT_VERSION = 5.0;
				TARGETED_DEVICE_FAMILY = "1,2";
			};
			name = Debug;
		};
		C4CEDF1C24F25515001FB375 /* Release */ = {
			isa = XCBuildConfiguration;
			buildSettings = {
				ASSETCATALOG_COMPILER_APPICON_NAME = AppIcon;
				CODE_SIGN_STYLE = Automatic;
				INFOPLIST_FILE = PickYourColor/Info.plist;
				LD_RUNPATH_SEARCH_PATHS = (
					"$(inherited)",
					"@executable_path/Frameworks",
				);
				PRODUCT_BUNDLE_IDENTIFIER = com.example.PickYourColor;
				PRODUCT_NAME = "$(TARGET_NAME)";
				SWIFT_VERSION = 5.0;
				TARGETED_DEVICE_FAMILY = "1,2";
			};
			name = Release;
		};
/* End XCBuildConfiguration section */

/* Begin XCConfigurationList section */
		C4CEDF0124F25513001FB375 /* Build configuration list for PBXProject "PickYourColor" */ = {
			isa = XCConfigurationList;
			buildConfigurations = (
				C4CEDF1824F25515001FB375 /* Debug */,
				C4CEDF1924F25515001FB375 /* Release */,
			);
			defaultConfigurationIsVisible = 0;
			defaultConfigurationName = Release;
		};
		C4CEDF1A24F25515001FB375 /* Build configuration list for PBXNativeTarget "PickYourColor" */ = {
			isa = XCConfigurationList;
			buildConfigurations = (
				C4CEDF1B24F25515001FB375 /* Debug */,
				C4CEDF1C24F25515001FB375 /* Release */,
			);
			defaultConfigurationIsVisible = 0;
			defaultConfigurationName = Release;
		};
/* End XCConfigurationList section */
	};
	rootObject = C4CEDEFE24F25513001FB375 /* Project object */;
}
